// !$*UTF8*$!
{
	archiveVersion = 1;
	classes = {
	};
	objectVersion = 46;
	objects = {

/* Begin PBXBuildFile section */
		BD2F518D1CBC32BE0084520C /* AppDelegate.swift in Sources */ = {isa = PBXBuildFile; fileRef = BD2F518C1CBC32BE0084520C /* AppDelegate.swift */; };
		BD2F518F1CBC32BF0084520C /* ViewController.swift in Sources */ = {isa = PBXBuildFile; fileRef = BD2F518E1CBC32BF0084520C /* ViewController.swift */; };
		BD2F51921CBC32BF0084520C /* Main.storyboard in Resources */ = {isa = PBXBuildFile; fileRef = BD2F51901CBC32BF0084520C /* Main.storyboard */; };
		BD2F51941CBC32C00084520C /* Assets.xcassets in Resources */ = {isa = PBXBuildFile; fileRef = BD2F51931CBC32C00084520C /* Assets.xcassets */; };
		BD2F51971CBC32C00084520C /* LaunchScreen.storyboard in Resources */ = {isa = PBXBuildFile; fileRef = BD2F51951CBC32C00084520C /* LaunchScreen.storyboard */; };
		BD2F51A21CBC32C20084520C /* PatternPal_2_0Tests.swift in Sources */ = {isa = PBXBuildFile; fileRef = BD2F51A11CBC32C20084520C /* PatternPal_2_0Tests.swift */; };
		BD2F51AD1CBC32C20084520C /* PatternPal_2_0UITests.swift in Sources */ = {isa = PBXBuildFile; fileRef = BD2F51AC1CBC32C20084520C /* PatternPal_2_0UITests.swift */; };
/* End PBXBuildFile section */

/* Begin PBXContainerItemProxy section */
		BD2F519E1CBC32C10084520C /* PBXContainerItemProxy */ = {
			isa = PBXContainerItemProxy;
			containerPortal = BD2F51811CBC32BC0084520C /* Project object */;
			proxyType = 1;
			remoteGlobalIDString = BD2F51881CBC32BD0084520C;
			remoteInfo = PatternPal_2.0;
		};
		BD2F51A91CBC32C20084520C /* PBXContainerItemProxy */ = {
			isa = PBXContainerItemProxy;
			containerPortal = BD2F51811CBC32BC0084520C /* Project object */;
			proxyType = 1;
			remoteGlobalIDString = BD2F51881CBC32BD0084520C;
			remoteInfo = PatternPal_2.0;
		};
/* End PBXContainerItemProxy section */

/* Begin PBXFileReference section */
		BD2F51891CBC32BD0084520C /* PatternPal_2.0.app */ = {isa = PBXFileReference; explicitFileType = wrapper.application; includeInIndex = 0; path = PatternPal_2.0.app; sourceTree = BUILT_PRODUCTS_DIR; };
		BD2F518C1CBC32BE0084520C /* AppDelegate.swift */ = {isa = PBXFileReference; lastKnownFileType = sourcecode.swift; path = AppDelegate.swift; sourceTree = "<group>"; };
		BD2F518E1CBC32BF0084520C /* ViewController.swift */ = {isa = PBXFileReference; lastKnownFileType = sourcecode.swift; path = ViewController.swift; sourceTree = "<group>"; };
		BD2F51911CBC32BF0084520C /* Base */ = {isa = PBXFileReference; lastKnownFileType = file.storyboard; name = Base; path = Base.lproj/Main.storyboard; sourceTree = "<group>"; };
		BD2F51931CBC32C00084520C /* Assets.xcassets */ = {isa = PBXFileReference; lastKnownFileType = folder.assetcatalog; path = Assets.xcassets; sourceTree = "<group>"; };
		BD2F51961CBC32C00084520C /* Base */ = {isa = PBXFileReference; lastKnownFileType = file.storyboard; name = Base; path = Base.lproj/LaunchScreen.storyboard; sourceTree = "<group>"; };
		BD2F51981CBC32C10084520C /* Info.plist */ = {isa = PBXFileReference; lastKnownFileType = text.plist.xml; path = Info.plist; sourceTree = "<group>"; };
		BD2F519D1CBC32C10084520C /* PatternPal_2.0Tests.xctest */ = {isa = PBXFileReference; explicitFileType = wrapper.cfbundle; includeInIndex = 0; path = PatternPal_2.0Tests.xctest; sourceTree = BUILT_PRODUCTS_DIR; };
		BD2F51A11CBC32C20084520C /* PatternPal_2_0Tests.swift */ = {isa = PBXFileReference; lastKnownFileType = sourcecode.swift; path = PatternPal_2_0Tests.swift; sourceTree = "<group>"; };
		BD2F51A31CBC32C20084520C /* Info.plist */ = {isa = PBXFileReference; lastKnownFileType = text.plist.xml; path = Info.plist; sourceTree = "<group>"; };
		BD2F51A81CBC32C20084520C /* PatternPal_2.0UITests.xctest */ = {isa = PBXFileReference; explicitFileType = wrapper.cfbundle; includeInIndex = 0; path = PatternPal_2.0UITests.xctest; sourceTree = BUILT_PRODUCTS_DIR; };
		BD2F51AC1CBC32C20084520C /* PatternPal_2_0UITests.swift */ = {isa = PBXFileReference; lastKnownFileType = sourcecode.swift; path = PatternPal_2_0UITests.swift; sourceTree = "<group>"; };
		BD2F51AE1CBC32C20084520C /* Info.plist */ = {isa = PBXFileReference; lastKnownFileType = text.plist.xml; path = Info.plist; sourceTree = "<group>"; };
/* End PBXFileReference section */

/* Begin PBXFrameworksBuildPhase section */
		BD2F51861CBC32BD0084520C /* Frameworks */ = {
			isa = PBXFrameworksBuildPhase;
			buildActionMask = 2147483647;
			files = (
			);
			runOnlyForDeploymentPostprocessing = 0;
		};
		BD2F519A1CBC32C10084520C /* Frameworks */ = {
			isa = PBXFrameworksBuildPhase;
			buildActionMask = 2147483647;
			files = (
			);
			runOnlyForDeploymentPostprocessing = 0;
		};
		BD2F51A51CBC32C20084520C /* Frameworks */ = {
			isa = PBXFrameworksBuildPhase;
			buildActionMask = 2147483647;
			files = (
			);
			runOnlyForDeploymentPostprocessing = 0;
		};
/* End PBXFrameworksBuildPhase section */

/* Begin PBXGroup section */
		BD2F51801CBC32BC0084520C = {
			isa = PBXGroup;
			children = (
				BD2F518B1CBC32BE0084520C /* PatternPal_2.0 */,
				BD2F51A01CBC32C20084520C /* PatternPal_2.0Tests */,
				BD2F51AB1CBC32C20084520C /* PatternPal_2.0UITests */,
				BD2F518A1CBC32BD0084520C /* Products */,
			);
			sourceTree = "<group>";
		};
		BD2F518A1CBC32BD0084520C /* Products */ = {
			isa = PBXGroup;
			children = (
				BD2F51891CBC32BD0084520C /* PatternPal_2.0.app */,
				BD2F519D1CBC32C10084520C /* PatternPal_2.0Tests.xctest */,
				BD2F51A81CBC32C20084520C /* PatternPal_2.0UITests.xctest */,
			);
			name = Products;
			sourceTree = "<group>";
		};
		BD2F518B1CBC32BE0084520C /* PatternPal_2.0 */ = {
			isa = PBXGroup;
			children = (
				BD2F518C1CBC32BE0084520C /* AppDelegate.swift */,
				BD2F518E1CBC32BF0084520C /* ViewController.swift */,
				BD2F51901CBC32BF0084520C /* Main.storyboard */,
				BD2F51931CBC32C00084520C /* Assets.xcassets */,
				BD2F51951CBC32C00084520C /* LaunchScreen.storyboard */,
				BD2F51981CBC32C10084520C /* Info.plist */,
			);
			path = PatternPal_2.0;
			sourceTree = "<group>";
		};
		BD2F51A01CBC32C20084520C /* PatternPal_2.0Tests */ = {
			isa = PBXGroup;
			children = (
				BD2F51A11CBC32C20084520C /* PatternPal_2_0Tests.swift */,
				BD2F51A31CBC32C20084520C /* Info.plist */,
			);
			path = PatternPal_2.0Tests;
			sourceTree = "<group>";
		};
		BD2F51AB1CBC32C20084520C /* PatternPal_2.0UITests */ = {
			isa = PBXGroup;
			children = (
				BD2F51AC1CBC32C20084520C /* PatternPal_2_0UITests.swift */,
				BD2F51AE1CBC32C20084520C /* Info.plist */,
			);
			path = PatternPal_2.0UITests;
			sourceTree = "<group>";
		};
/* End PBXGroup section */

/* Begin PBXNativeTarget section */
		BD2F51881CBC32BD0084520C /* PatternPal_2.0 */ = {
			isa = PBXNativeTarget;
			buildConfigurationList = BD2F51B11CBC32C20084520C /* Build configuration list for PBXNativeTarget "PatternPal_2.0" */;
			buildPhases = (
				BD2F51851CBC32BD0084520C /* Sources */,
				BD2F51861CBC32BD0084520C /* Frameworks */,
				BD2F51871CBC32BD0084520C /* Resources */,
			);
			buildRules = (
			);
			dependencies = (
			);
			name = PatternPal_2.0;
			productName = PatternPal_2.0;
			productReference = BD2F51891CBC32BD0084520C /* PatternPal_2.0.app */;
			productType = "com.apple.product-type.application";
		};
		BD2F519C1CBC32C10084520C /* PatternPal_2.0Tests */ = {
			isa = PBXNativeTarget;
			buildConfigurationList = BD2F51B41CBC32C20084520C /* Build configuration list for PBXNativeTarget "PatternPal_2.0Tests" */;
			buildPhases = (
				BD2F51991CBC32C10084520C /* Sources */,
				BD2F519A1CBC32C10084520C /* Frameworks */,
				BD2F519B1CBC32C10084520C /* Resources */,
			);
			buildRules = (
			);
			dependencies = (
				BD2F519F1CBC32C10084520C /* PBXTargetDependency */,
			);
			name = PatternPal_2.0Tests;
			productName = PatternPal_2.0Tests;
			productReference = BD2F519D1CBC32C10084520C /* PatternPal_2.0Tests.xctest */;
			productType = "com.apple.product-type.bundle.unit-test";
		};
		BD2F51A71CBC32C20084520C /* PatternPal_2.0UITests */ = {
			isa = PBXNativeTarget;
			buildConfigurationList = BD2F51B71CBC32C20084520C /* Build configuration list for PBXNativeTarget "PatternPal_2.0UITests" */;
			buildPhases = (
				BD2F51A41CBC32C20084520C /* Sources */,
				BD2F51A51CBC32C20084520C /* Frameworks */,
				BD2F51A61CBC32C20084520C /* Resources */,
			);
			buildRules = (
			);
			dependencies = (
				BD2F51AA1CBC32C20084520C /* PBXTargetDependency */,
			);
			name = PatternPal_2.0UITests;
			productName = PatternPal_2.0UITests;
			productReference = BD2F51A81CBC32C20084520C /* PatternPal_2.0UITests.xctest */;
			productType = "com.apple.product-type.bundle.ui-testing";
		};
/* End PBXNativeTarget section */

/* Begin PBXProject section */
		BD2F51811CBC32BC0084520C /* Project object */ = {
			isa = PBXProject;
			attributes = {
				LastSwiftUpdateCheck = 0720;
				LastUpgradeCheck = 0720;
				ORGANIZATIONNAME = com.example;
				TargetAttributes = {
					BD2F51881CBC32BD0084520C = {
						CreatedOnToolsVersion = 7.2.1;
						DevelopmentTeam = A8A35LSHF9;
					};
					BD2F519C1CBC32C10084520C = {
						CreatedOnToolsVersion = 7.2.1;
						DevelopmentTeam = A8A35LSHF9;
						TestTargetID = BD2F51881CBC32BD0084520C;
					};
					BD2F51A71CBC32C20084520C = {
						CreatedOnToolsVersion = 7.2.1;
						DevelopmentTeam = A8A35LSHF9;
						TestTargetID = BD2F51881CBC32BD0084520C;
					};
				};
			};
			buildConfigurationList = BD2F51841CBC32BC0084520C /* Build configuration list for PBXProject "PatternPal_2.0" */;
			compatibilityVersion = "Xcode 3.2";
			developmentRegion = English;
			hasScannedForEncodings = 0;
			knownRegions = (
				en,
				Base,
			);
			mainGroup = BD2F51801CBC32BC0084520C;
			productRefGroup = BD2F518A1CBC32BD0084520C /* Products */;
			projectDirPath = "";
			projectRoot = "";
			targets = (
				BD2F51881CBC32BD0084520C /* PatternPal_2.0 */,
				BD2F519C1CBC32C10084520C /* PatternPal_2.0Tests */,
				BD2F51A71CBC32C20084520C /* PatternPal_2.0UITests */,
			);
		};
/* End PBXProject section */

/* Begin PBXResourcesBuildPhase section */
		BD2F51871CBC32BD0084520C /* Resources */ = {
			isa = PBXResourcesBuildPhase;
			buildActionMask = 2147483647;
			files = (
				BD2F51971CBC32C00084520C /* LaunchScreen.storyboard in Resources */,
				BD2F51941CBC32C00084520C /* Assets.xcassets in Resources */,
				BD2F51921CBC32BF0084520C /* Main.storyboard in Resources */,
			);
			runOnlyForDeploymentPostprocessing = 0;
		};
		BD2F519B1CBC32C10084520C /* Resources */ = {
			isa = PBXResourcesBuildPhase;
			buildActionMask = 2147483647;
			files = (
			);
			runOnlyForDeploymentPostprocessing = 0;
		};
		BD2F51A61CBC32C20084520C /* Resources */ = {
			isa = PBXResourcesBuildPhase;
			buildActionMask = 2147483647;
			files = (
			);
			runOnlyForDeploymentPostprocessing = 0;
		};
/* End PBXResourcesBuildPhase section */

/* Begin PBXSourcesBuildPhase section */
		BD2F51851CBC32BD0084520C /* Sources */ = {
			isa = PBXSourcesBuildPhase;
			buildActionMask = 2147483647;
			files = (
				BD2F518F1CBC32BF0084520C /* ViewController.swift in Sources */,
				BD2F518D1CBC32BE0084520C /* AppDelegate.swift in Sources */,
			);
			runOnlyForDeploymentPostprocessing = 0;
		};
		BD2F51991CBC32C10084520C /* Sources */ = {
			isa = PBXSourcesBuildPhase;
			buildActionMask = 2147483647;
			files = (
				BD2F51A21CBC32C20084520C /* PatternPal_2_0Tests.swift in Sources */,
			);
			runOnlyForDeploymentPostprocessing = 0;
		};
		BD2F51A41CBC32C20084520C /* Sources */ = {
			isa = PBXSourcesBuildPhase;
			buildActionMask = 2147483647;
			files = (
				BD2F51AD1CBC32C20084520C /* PatternPal_2_0UITests.swift in Sources */,
			);
			runOnlyForDeploymentPostprocessing = 0;
		};
/* End PBXSourcesBuildPhase section */

/* Begin PBXTargetDependency section */
		BD2F519F1CBC32C10084520C /* PBXTargetDependency */ = {
			isa = PBXTargetDependency;
			target = BD2F51881CBC32BD0084520C /* PatternPal_2.0 */;
			targetProxy = BD2F519E1CBC32C10084520C /* PBXContainerItemProxy */;
		};
		BD2F51AA1CBC32C20084520C /* PBXTargetDependency */ = {
			isa = PBXTargetDependency;
			target = BD2F51881CBC32BD0084520C /* PatternPal_2.0 */;
			targetProxy = BD2F51A91CBC32C20084520C /* PBXContainerItemProxy */;
		};
/* End PBXTargetDependency section */

/* Begin PBXVariantGroup section */
		BD2F51901CBC32BF0084520C /* Main.storyboard */ = {
			isa = PBXVariantGroup;
			children = (
				BD2F51911CBC32BF0084520C /* Base */,
			);
			name = Main.storyboard;
			sourceTree = "<group>";
		};
		BD2F51951CBC32C00084520C /* LaunchScreen.storyboard */ = {
			isa = PBXVariantGroup;
			children = (
				BD2F51961CBC32C00084520C /* Base */,
			);
			name = LaunchScreen.storyboard;
			sourceTree = "<group>";
		};
/* End PBXVariantGroup section */

/* Begin XCBuildConfiguration section */
		BD2F51AF1CBC32C20084520C /* Debug */ = {
			isa = XCBuildConfiguration;
			buildSettings = {
				ALWAYS_SEARCH_USER_PATHS = NO;
				CLANG_CXX_LANGUAGE_STANDARD = "gnu++0x";
				CLANG_CXX_LIBRARY = "libc++";
				CLANG_ENABLE_MODULES = YES;
				CLANG_ENABLE_OBJC_ARC = YES;
				CLANG_WARN_BOOL_CONVERSION = YES;
				CLANG_WARN_CONSTANT_CONVERSION = YES;
				CLANG_WARN_DIRECT_OBJC_ISA_USAGE = YES_ERROR;
				CLANG_WARN_EMPTY_BODY = YES;
				CLANG_WARN_ENUM_CONVERSION = YES;
				CLANG_WARN_INT_CONVERSION = YES;
				CLANG_WARN_OBJC_ROOT_CLASS = YES_ERROR;
				CLANG_WARN_UNREACHABLE_CODE = YES;
				CLANG_WARN__DUPLICATE_METHOD_MATCH = YES;
				"CODE_SIGN_IDENTITY[sdk=iphoneos*]" = "iPhone Developer";
				COPY_PHASE_STRIP = NO;
				DEBUG_INFORMATION_FORMAT = dwarf;
				ENABLE_STRICT_OBJC_MSGSEND = YES;
				ENABLE_TESTABILITY = YES;
				GCC_C_LANGUAGE_STANDARD = gnu99;
				GCC_DYNAMIC_NO_PIC = NO;
				GCC_NO_COMMON_BLOCKS = YES;
				GCC_OPTIMIZATION_LEVEL = 0;
				GCC_PREPROCESSOR_DEFINITIONS = (
					"DEBUG=1",
					"$(inherited)",
				);
				GCC_WARN_64_TO_32_BIT_CONVERSION = YES;
				GCC_WARN_ABOUT_RETURN_TYPE = YES_ERROR;
				GCC_WARN_UNDECLARED_SELECTOR = YES;
				GCC_WARN_UNINITIALIZED_AUTOS = YES_AGGRESSIVE;
				GCC_WARN_UNUSED_FUNCTION = YES;
				GCC_WARN_UNUSED_VARIABLE = YES;
				IPHONEOS_DEPLOYMENT_TARGET = 9.2;
				MTL_ENABLE_DEBUG_INFO = YES;
				ONLY_ACTIVE_ARCH = YES;
				SDKROOT = iphoneos;
				SWIFT_OPTIMIZATION_LEVEL = "-Onone";
				TARGETED_DEVICE_FAMILY = "1,2";
			};
			name = Debug;
		};
		BD2F51B01CBC32C20084520C /* Release */ = {
			isa = XCBuildConfiguration;
			buildSettings = {
				ALWAYS_SEARCH_USER_PATHS = NO;
				CLANG_CXX_LANGUAGE_STANDARD = "gnu++0x";
				CLANG_CXX_LIBRARY = "libc++";
				CLANG_ENABLE_MODULES = YES;
				CLANG_ENABLE_OBJC_ARC = YES;
				CLANG_WARN_BOOL_CONVERSION = YES;
				CLANG_WARN_CONSTANT_CONVERSION = YES;
				CLANG_WARN_DIRECT_OBJC_ISA_USAGE = YES_ERROR;
				CLANG_WARN_EMPTY_BODY = YES;
				CLANG_WARN_ENUM_CONVERSION = YES;
				CLANG_WARN_INT_CONVERSION = YES;
				CLANG_WARN_OBJC_ROOT_CLASS = YES_ERROR;
				CLANG_WARN_UNREACHABLE_CODE = YES;
				CLANG_WARN__DUPLICATE_METHOD_MATCH = YES;
				"CODE_SIGN_IDENTITY[sdk=iphoneos*]" = "iPhone Developer";
				COPY_PHASE_STRIP = NO;
				DEBUG_INFORMATION_FORMAT = "dwarf-with-dsym";
				ENABLE_NS_ASSERTIONS = NO;
				ENABLE_STRICT_OBJC_MSGSEND = YES;
				GCC_C_LANGUAGE_STANDARD = gnu99;
				GCC_NO_COMMON_BLOCKS = YES;
				GCC_WARN_64_TO_32_BIT_CONVERSION = YES;
				GCC_WARN_ABOUT_RETURN_TYPE = YES_ERROR;
				GCC_WARN_UNDECLARED_SELECTOR = YES;
				GCC_WARN_UNINITIALIZED_AUTOS = YES_AGGRESSIVE;
				GCC_WARN_UNUSED_FUNCTION = YES;
				GCC_WARN_UNUSED_VARIABLE = YES;
				IPHONEOS_DEPLOYMENT_TARGET = 9.2;
				MTL_ENABLE_DEBUG_INFO = NO;
				SDKROOT = iphoneos;
				TARGETED_DEVICE_FAMILY = "1,2";
				VALIDATE_PRODUCT = YES;
			};
			name = Release;
		};
		BD2F51B21CBC32C20084520C /* Debug */ = {
			isa = XCBuildConfiguration;
			buildSettings = {
				ASSETCATALOG_COMPILER_APPICON_NAME = AppIcon;
				INFOPLIST_FILE = PatternPal_2.0/Info.plist;
				LD_RUNPATH_SEARCH_PATHS = "$(inherited) @executable_path/Frameworks";
				PRODUCT_BUNDLE_IDENTIFIER = "UM.PatternPal-2-0";
				PRODUCT_NAME = "$(TARGET_NAME)";
			};
			name = Debug;
		};
		BD2F51B31CBC32C20084520C /* Release */ = {
			isa = XCBuildConfiguration;
			buildSettings = {
				ASSETCATALOG_COMPILER_APPICON_NAME = AppIcon;
				INFOPLIST_FILE = PatternPal_2.0/Info.plist;
				LD_RUNPATH_SEARCH_PATHS = "$(inherited) @executable_path/Frameworks";
				PRODUCT_BUNDLE_IDENTIFIER = "UM.PatternPal-2-0";
				PRODUCT_NAME = "$(TARGET_NAME)";
			};
			name = Release;
		};
		BD2F51B51CBC32C20084520C /* Debug */ = {
			isa = XCBuildConfiguration;
			buildSettings = {
				BUNDLE_LOADER = "$(TEST_HOST)";
				INFOPLIST_FILE = PatternPal_2.0Tests/Info.plist;
				LD_RUNPATH_SEARCH_PATHS = "$(inherited) @executable_path/Frameworks @loader_path/Frameworks";
				PRODUCT_BUNDLE_IDENTIFIER = "UM.PatternPal-2-0Tests";
				PRODUCT_NAME = "$(TARGET_NAME)";
				TEST_HOST = "$(BUILT_PRODUCTS_DIR)/PatternPal_2.0.app/PatternPal_2.0";
			};
			name = Debug;
		};
		BD2F51B61CBC32C20084520C /* Release */ = {
			isa = XCBuildConfiguration;
			buildSettings = {
				BUNDLE_LOADER = "$(TEST_HOST)";
				INFOPLIST_FILE = PatternPal_2.0Tests/Info.plist;
				LD_RUNPATH_SEARCH_PATHS = "$(inherited) @executable_path/Frameworks @loader_path/Frameworks";
				PRODUCT_BUNDLE_IDENTIFIER = "UM.PatternPal-2-0Tests";
				PRODUCT_NAME = "$(TARGET_NAME)";
				TEST_HOST = "$(BUILT_PRODUCTS_DIR)/PatternPal_2.0.app/PatternPal_2.0";
			};
			name = Release;
		};
		BD2F51B81CBC32C20084520C /* Debug */ = {
			isa = XCBuildConfiguration;
			buildSettings = {
				INFOPLIST_FILE = PatternPal_2.0UITests/Info.plist;
				LD_RUNPATH_SEARCH_PATHS = "$(inherited) @executable_path/Frameworks @loader_path/Frameworks";
				PRODUCT_BUNDLE_IDENTIFIER = "UM.PatternPal-2-0UITests";
				PRODUCT_NAME = "$(TARGET_NAME)";
				TEST_TARGET_NAME = PatternPal_2.0;
				USES_XCTRUNNER = YES;
			};
			name = Debug;
		};
		BD2F51B91CBC32C20084520C /* Release */ = {
			isa = XCBuildConfiguration;
			buildSettings = {
				INFOPLIST_FILE = PatternPal_2.0UITests/Info.plist;
				LD_RUNPATH_SEARCH_PATHS = "$(inherited) @executable_path/Frameworks @loader_path/Frameworks";
				PRODUCT_BUNDLE_IDENTIFIER = "UM.PatternPal-2-0UITests";
				PRODUCT_NAME = "$(TARGET_NAME)";
				TEST_TARGET_NAME = PatternPal_2.0;
				USES_XCTRUNNER = YES;
			};
			name = Release;
		};
/* End XCBuildConfiguration section */

/* Begin XCConfigurationList section */
		BD2F51841CBC32BC0084520C /* Build configuration list for PBXProject "PatternPal_2.0" */ = {
			isa = XCConfigurationList;
			buildConfigurations = (
				BD2F51AF1CBC32C20084520C /* Debug */,
				BD2F51B01CBC32C20084520C /* Release */,
			);
			defaultConfigurationIsVisible = 0;
			defaultConfigurationName = Release;
		};
		BD2F51B11CBC32C20084520C /* Build configuration list for PBXNativeTarget "PatternPal_2.0" */ = {
			isa = XCConfigurationList;
			buildConfigurations = (
				BD2F51B21CBC32C20084520C /* Debug */,
				BD2F51B31CBC32C20084520C /* Release */,
			);
			defaultConfigurationIsVisible = 0;
		};
		BD2F51B41CBC32C20084520C /* Build configuration list for PBXNativeTarget "PatternPal_2.0Tests" */ = {
			isa = XCConfigurationList;
			buildConfigurations = (
				BD2F51B51CBC32C20084520C /* Debug */,
				BD2F51B61CBC32C20084520C /* Release */,
			);
			defaultConfigurationIsVisible = 0;
		};
		BD2F51B71CBC32C20084520C /* Build configuration list for PBXNativeTarget "PatternPal_2.0UITests" */ = {
			isa = XCConfigurationList;
			buildConfigurations = (
				BD2F51B81CBC32C20084520C /* Debug */,
				BD2F51B91CBC32C20084520C /* Release */,
			);
			defaultConfigurationIsVisible = 0;
		};
/* End XCConfigurationList section */
	};
	rootObject = BD2F51811CBC32BC0084520C /* Project object */;
}
